// !$*UTF8*$!
{
	archiveVersion = 1;
	classes = {
	};
	objectVersion = 55;
	objects = {

/* Begin PBXBuildFile section */
		8533325D288A78EC00F36E2F /* AppDelegate.swift in Sources */ = {isa = PBXBuildFile; fileRef = 8533325C288A78EC00F36E2F /* AppDelegate.swift */; };
		8533325F288A78EC00F36E2F /* SceneDelegate.swift in Sources */ = {isa = PBXBuildFile; fileRef = 8533325E288A78EC00F36E2F /* SceneDelegate.swift */; };
		85333264288A78EC00F36E2F /* Select.storyboard in Resources */ = {isa = PBXBuildFile; fileRef = 85333262288A78EC00F36E2F /* Select.storyboard */; };
		85333266288A78ED00F36E2F /* Assets.xcassets in Resources */ = {isa = PBXBuildFile; fileRef = 85333265288A78ED00F36E2F /* Assets.xcassets */; };
		85333269288A78ED00F36E2F /* LaunchScreen.storyboard in Resources */ = {isa = PBXBuildFile; fileRef = 85333267288A78ED00F36E2F /* LaunchScreen.storyboard */; };
		85333271288A792D00F36E2F /* Documentation.docc in Sources */ = {isa = PBXBuildFile; fileRef = 85333270288A792D00F36E2F /* Documentation.docc */; };
		853B89C1288C263D00E0DB9C /* TamagochiData.swift in Sources */ = {isa = PBXBuildFile; fileRef = 853B89C0288C263D00E0DB9C /* TamagochiData.swift */; };
		853B89C3288C26D000E0DB9C /* SelectTamagochi.swift in Sources */ = {isa = PBXBuildFile; fileRef = 853B89C2288C26D000E0DB9C /* SelectTamagochi.swift */; };
		853B89CC288C3D8700E0DB9C /* TamagochiInfoViewController.swift in Sources */ = {isa = PBXBuildFile; fileRef = 853B89CB288C3D8700E0DB9C /* TamagochiInfoViewController.swift */; };
		853B89CE288CD39A00E0DB9C /* UISetting.swift in Sources */ = {isa = PBXBuildFile; fileRef = 853B89CD288CD39A00E0DB9C /* UISetting.swift */; };
		853B89D1288D003C00E0DB9C /* Growth.storyboard in Resources */ = {isa = PBXBuildFile; fileRef = 853B89D0288D003C00E0DB9C /* Growth.storyboard */; };
		853B89D4288D011200E0DB9C /* GrowthViewController.swift in Sources */ = {isa = PBXBuildFile; fileRef = 853B89D3288D011200E0DB9C /* GrowthViewController.swift */; };
		853B89DE288D2AB500E0DB9C /* IQKeyboardManagerSwift in Frameworks */ = {isa = PBXBuildFile; productRef = 853B89DD288D2AB500E0DB9C /* IQKeyboardManagerSwift */; };
		8548E326288AD40A00B3790D /* SelectCollectionViewController.swift in Sources */ = {isa = PBXBuildFile; fileRef = 8548E325288AD40A00B3790D /* SelectCollectionViewController.swift */; };
		8548E329288AD44D00B3790D /* SelectCollectionViewCell.swift in Sources */ = {isa = PBXBuildFile; fileRef = 8548E328288AD44D00B3790D /* SelectCollectionViewCell.swift */; };
/* End PBXBuildFile section */

/* Begin PBXFileReference section */
		85333259288A78EC00F36E2F /* TamagochiApp.app */ = {isa = PBXFileReference; explicitFileType = wrapper.application; includeInIndex = 0; path = TamagochiApp.app; sourceTree = BUILT_PRODUCTS_DIR; };
		8533325C288A78EC00F36E2F /* AppDelegate.swift */ = {isa = PBXFileReference; lastKnownFileType = sourcecode.swift; path = AppDelegate.swift; sourceTree = "<group>"; };
		8533325E288A78EC00F36E2F /* SceneDelegate.swift */ = {isa = PBXFileReference; lastKnownFileType = sourcecode.swift; path = SceneDelegate.swift; sourceTree = "<group>"; };
		85333263288A78EC00F36E2F /* Base */ = {isa = PBXFileReference; lastKnownFileType = file.storyboard; name = Base; path = Base.lproj/Select.storyboard; sourceTree = "<group>"; };
		85333265288A78ED00F36E2F /* Assets.xcassets */ = {isa = PBXFileReference; lastKnownFileType = folder.assetcatalog; path = Assets.xcassets; sourceTree = "<group>"; };
		85333268288A78ED00F36E2F /* Base */ = {isa = PBXFileReference; lastKnownFileType = file.storyboard; name = Base; path = Base.lproj/LaunchScreen.storyboard; sourceTree = "<group>"; };
		8533326A288A78ED00F36E2F /* Info.plist */ = {isa = PBXFileReference; lastKnownFileType = text.plist.xml; path = Info.plist; sourceTree = "<group>"; };
		85333270288A792D00F36E2F /* Documentation.docc */ = {isa = PBXFileReference; lastKnownFileType = folder.documentationcatalog; path = Documentation.docc; sourceTree = "<group>"; };
		853B89C0288C263D00E0DB9C /* TamagochiData.swift */ = {isa = PBXFileReference; lastKnownFileType = sourcecode.swift; path = TamagochiData.swift; sourceTree = "<group>"; };
		853B89C2288C26D000E0DB9C /* SelectTamagochi.swift */ = {isa = PBXFileReference; lastKnownFileType = sourcecode.swift; path = SelectTamagochi.swift; sourceTree = "<group>"; };
		853B89CB288C3D8700E0DB9C /* TamagochiInfoViewController.swift */ = {isa = PBXFileReference; lastKnownFileType = sourcecode.swift; path = TamagochiInfoViewController.swift; sourceTree = "<group>"; };
		853B89CD288CD39A00E0DB9C /* UISetting.swift */ = {isa = PBXFileReference; lastKnownFileType = sourcecode.swift; path = UISetting.swift; sourceTree = "<group>"; };
		853B89D0288D003C00E0DB9C /* Growth.storyboard */ = {isa = PBXFileReference; lastKnownFileType = file.storyboard; path = Growth.storyboard; sourceTree = "<group>"; };
		853B89D3288D011200E0DB9C /* GrowthViewController.swift */ = {isa = PBXFileReference; lastKnownFileType = sourcecode.swift; path = GrowthViewController.swift; sourceTree = "<group>"; };
		8548E325288AD40A00B3790D /* SelectCollectionViewController.swift */ = {isa = PBXFileReference; lastKnownFileType = sourcecode.swift; path = SelectCollectionViewController.swift; sourceTree = "<group>"; };
		8548E328288AD44D00B3790D /* SelectCollectionViewCell.swift */ = {isa = PBXFileReference; lastKnownFileType = sourcecode.swift; path = SelectCollectionViewCell.swift; sourceTree = "<group>"; };
/* End PBXFileReference section */

/* Begin PBXFrameworksBuildPhase section */
		85333256288A78EC00F36E2F /* Frameworks */ = {
			isa = PBXFrameworksBuildPhase;
			buildActionMask = 2147483647;
			files = (
				853B89DE288D2AB500E0DB9C /* IQKeyboardManagerSwift in Frameworks */,
			);
			runOnlyForDeploymentPostprocessing = 0;
		};
/* End PBXFrameworksBuildPhase section */

/* Begin PBXGroup section */
		85333250288A78EC00F36E2F = {
			isa = PBXGroup;
			children = (
				85333270288A792D00F36E2F /* Documentation.docc */,
				8533325B288A78EC00F36E2F /* TamagochiApp */,
				8533325A288A78EC00F36E2F /* Products */,
			);
			sourceTree = "<group>";
		};
		8533325A288A78EC00F36E2F /* Products */ = {
			isa = PBXGroup;
			children = (
				85333259288A78EC00F36E2F /* TamagochiApp.app */,
			);
			name = Products;
			sourceTree = "<group>";
		};
		8533325B288A78EC00F36E2F /* TamagochiApp */ = {
			isa = PBXGroup;
			children = (
				853B89D5288D060400E0DB9C /* Data */,
				853B89D2288D008D00E0DB9C /* Growth */,
				8548E327288AD42F00B3790D /* Select */,
				853B89CD288CD39A00E0DB9C /* UISetting.swift */,
				8533325C288A78EC00F36E2F /* AppDelegate.swift */,
				8533325E288A78EC00F36E2F /* SceneDelegate.swift */,
				85333265288A78ED00F36E2F /* Assets.xcassets */,
				85333267288A78ED00F36E2F /* LaunchScreen.storyboard */,
				8533326A288A78ED00F36E2F /* Info.plist */,
			);
			path = TamagochiApp;
			sourceTree = "<group>";
		};
		853B89D2288D008D00E0DB9C /* Growth */ = {
			isa = PBXGroup;
			children = (
				853B89D0288D003C00E0DB9C /* Growth.storyboard */,
				853B89D3288D011200E0DB9C /* GrowthViewController.swift */,
			);
			path = Growth;
			sourceTree = "<group>";
		};
		853B89D5288D060400E0DB9C /* Data */ = {
			isa = PBXGroup;
			children = (
				853B89C0288C263D00E0DB9C /* TamagochiData.swift */,
				853B89C2288C26D000E0DB9C /* SelectTamagochi.swift */,
			);
			path = Data;
			sourceTree = "<group>";
		};
		8548E327288AD42F00B3790D /* Select */ = {
			isa = PBXGroup;
			children = (
				853B89CB288C3D8700E0DB9C /* TamagochiInfoViewController.swift */,
				8548E325288AD40A00B3790D /* SelectCollectionViewController.swift */,
				8548E328288AD44D00B3790D /* SelectCollectionViewCell.swift */,
				85333262288A78EC00F36E2F /* Select.storyboard */,
			);
			path = Select;
			sourceTree = "<group>";
		};
/* End PBXGroup section */

/* Begin PBXNativeTarget section */
		85333258288A78EC00F36E2F /* TamagochiApp */ = {
			isa = PBXNativeTarget;
			buildConfigurationList = 8533326D288A78ED00F36E2F /* Build configuration list for PBXNativeTarget "TamagochiApp" */;
			buildPhases = (
				85333255288A78EC00F36E2F /* Sources */,
				85333256288A78EC00F36E2F /* Frameworks */,
				85333257288A78EC00F36E2F /* Resources */,
			);
			buildRules = (
			);
			dependencies = (
			);
			name = TamagochiApp;
			packageProductDependencies = (
				853B89DD288D2AB500E0DB9C /* IQKeyboardManagerSwift */,
			);
			productName = TamagochiApp;
			productReference = 85333259288A78EC00F36E2F /* TamagochiApp.app */;
			productType = "com.apple.product-type.application";
		};
/* End PBXNativeTarget section */

/* Begin PBXProject section */
		85333251288A78EC00F36E2F /* Project object */ = {
			isa = PBXProject;
			attributes = {
				BuildIndependentTargetsInParallel = 1;
				LastSwiftUpdateCheck = 1340;
				LastUpgradeCheck = 1340;
				TargetAttributes = {
					85333258288A78EC00F36E2F = {
						CreatedOnToolsVersion = 13.4.1;
					};
				};
			};
			buildConfigurationList = 85333254288A78EC00F36E2F /* Build configuration list for PBXProject "TamagochiApp" */;
			compatibilityVersion = "Xcode 13.0";
			developmentRegion = en;
			hasScannedForEncodings = 0;
			knownRegions = (
				en,
				Base,
			);
			mainGroup = 85333250288A78EC00F36E2F;
			packageReferences = (
				853B89DC288D2AB500E0DB9C /* XCRemoteSwiftPackageReference "IQKeyboardManager" */,
				853B89DF288D2AD800E0DB9C /* XCRemoteSwiftPackageReference "TextFieldEffects" */,
			);
			productRefGroup = 8533325A288A78EC00F36E2F /* Products */;
			projectDirPath = "";
			projectRoot = "";
			targets = (
				85333258288A78EC00F36E2F /* TamagochiApp */,
			);
		};
/* End PBXProject section */

/* Begin PBXResourcesBuildPhase section */
		85333257288A78EC00F36E2F /* Resources */ = {
			isa = PBXResourcesBuildPhase;
			buildActionMask = 2147483647;
			files = (
				85333269288A78ED00F36E2F /* LaunchScreen.storyboard in Resources */,
				85333266288A78ED00F36E2F /* Assets.xcassets in Resources */,
				85333264288A78EC00F36E2F /* Select.storyboard in Resources */,
				853B89D1288D003C00E0DB9C /* Growth.storyboard in Resources */,
			);
			runOnlyForDeploymentPostprocessing = 0;
		};
/* End PBXResourcesBuildPhase section */

/* Begin PBXSourcesBuildPhase section */
		85333255288A78EC00F36E2F /* Sources */ = {
			isa = PBXSourcesBuildPhase;
			buildActionMask = 2147483647;
			files = (
				8548E329288AD44D00B3790D /* SelectCollectionViewCell.swift in Sources */,
				853B89D4288D011200E0DB9C /* GrowthViewController.swift in Sources */,
				853B89C1288C263D00E0DB9C /* TamagochiData.swift in Sources */,
				8533325D288A78EC00F36E2F /* AppDelegate.swift in Sources */,
				853B89C3288C26D000E0DB9C /* SelectTamagochi.swift in Sources */,
				853B89CC288C3D8700E0DB9C /* TamagochiInfoViewController.swift in Sources */,
				8533325F288A78EC00F36E2F /* SceneDelegate.swift in Sources */,
				853B89CE288CD39A00E0DB9C /* UISetting.swift in Sources */,
				8548E326288AD40A00B3790D /* SelectCollectionViewController.swift in Sources */,
				85333271288A792D00F36E2F /* Documentation.docc in Sources */,
			);
			runOnlyForDeploymentPostprocessing = 0;
		};
/* End PBXSourcesBuildPhase section */

/* Begin PBXVariantGroup section */
		85333262288A78EC00F36E2F /* Select.storyboard */ = {
			isa = PBXVariantGroup;
			children = (
				85333263288A78EC00F36E2F /* Base */,
			);
			name = Select.storyboard;
			sourceTree = "<group>";
		};
		85333267288A78ED00F36E2F /* LaunchScreen.storyboard */ = {
			isa = PBXVariantGroup;
			children = (
				85333268288A78ED00F36E2F /* Base */,
			);
			name = LaunchScreen.storyboard;
			sourceTree = "<group>";
		};
/* End PBXVariantGroup section */

/* Begin XCBuildConfiguration section */
		8533326B288A78ED00F36E2F /* Debug */ = {
			isa = XCBuildConfiguration;
			buildSettings = {
				ALWAYS_SEARCH_USER_PATHS = NO;
				CLANG_ANALYZER_NONNULL = YES;
				CLANG_ANALYZER_NUMBER_OBJECT_CONVERSION = YES_AGGRESSIVE;
				CLANG_CXX_LANGUAGE_STANDARD = "gnu++17";
				CLANG_ENABLE_MODULES = YES;
				CLANG_ENABLE_OBJC_ARC = YES;
				CLANG_ENABLE_OBJC_WEAK = YES;
				CLANG_WARN_BLOCK_CAPTURE_AUTORELEASING = YES;
				CLANG_WARN_BOOL_CONVERSION = YES;
				CLANG_WARN_COMMA = YES;
				CLANG_WARN_CONSTANT_CONVERSION = YES;
				CLANG_WARN_DEPRECATED_OBJC_IMPLEMENTATIONS = YES;
				CLANG_WARN_DIRECT_OBJC_ISA_USAGE = YES_ERROR;
				CLANG_WARN_DOCUMENTATION_COMMENTS = YES;
				CLANG_WARN_EMPTY_BODY = YES;
				CLANG_WARN_ENUM_CONVERSION = YES;
				CLANG_WARN_INFINITE_RECURSION = YES;
				CLANG_WARN_INT_CONVERSION = YES;
				CLANG_WARN_NON_LITERAL_NULL_CONVERSION = YES;
				CLANG_WARN_OBJC_IMPLICIT_RETAIN_SELF = YES;
				CLANG_WARN_OBJC_LITERAL_CONVERSION = YES;
				CLANG_WARN_OBJC_ROOT_CLASS = YES_ERROR;
				CLANG_WARN_QUOTED_INCLUDE_IN_FRAMEWORK_HEADER = YES;
				CLANG_WARN_RANGE_LOOP_ANALYSIS = YES;
				CLANG_WARN_STRICT_PROTOTYPES = YES;
				CLANG_WARN_SUSPICIOUS_MOVE = YES;
				CLANG_WARN_UNGUARDED_AVAILABILITY = YES_AGGRESSIVE;
				CLANG_WARN_UNREACHABLE_CODE = YES;
				CLANG_WARN__DUPLICATE_METHOD_MATCH = YES;
				COPY_PHASE_STRIP = NO;
				DEBUG_INFORMATION_FORMAT = dwarf;
				ENABLE_STRICT_OBJC_MSGSEND = YES;
				ENABLE_TESTABILITY = YES;
				GCC_C_LANGUAGE_STANDARD = gnu11;
				GCC_DYNAMIC_NO_PIC = NO;
				GCC_NO_COMMON_BLOCKS = YES;
				GCC_OPTIMIZATION_LEVEL = 0;
				GCC_PREPROCESSOR_DEFINITIONS = (
					"DEBUG=1",
					"$(inherited)",
				);
				GCC_WARN_64_TO_32_BIT_CONVERSION = YES;
				GCC_WARN_ABOUT_RETURN_TYPE = YES_ERROR;
				GCC_WARN_UNDECLARED_SELECTOR = YES;
				GCC_WARN_UNINITIALIZED_AUTOS = YES_AGGRESSIVE;
				GCC_WARN_UNUSED_FUNCTION = YES;
				GCC_WARN_UNUSED_VARIABLE = YES;
				IPHONEOS_DEPLOYMENT_TARGET = 15.5;
				MTL_ENABLE_DEBUG_INFO = INCLUDE_SOURCE;
				MTL_FAST_MATH = YES;
				ONLY_ACTIVE_ARCH = YES;
				SDKROOT = iphoneos;
				SWIFT_ACTIVE_COMPILATION_CONDITIONS = DEBUG;
				SWIFT_OPTIMIZATION_LEVEL = "-Onone";
			};
			name = Debug;
		};
		8533326C288A78ED00F36E2F /* Release */ = {
			isa = XCBuildConfiguration;
			buildSettings = {
				ALWAYS_SEARCH_USER_PATHS = NO;
				CLANG_ANALYZER_NONNULL = YES;
				CLANG_ANALYZER_NUMBER_OBJECT_CONVERSION = YES_AGGRESSIVE;
				CLANG_CXX_LANGUAGE_STANDARD = "gnu++17";
				CLANG_ENABLE_MODULES = YES;
				CLANG_ENABLE_OBJC_ARC = YES;
				CLANG_ENABLE_OBJC_WEAK = YES;
				CLANG_WARN_BLOCK_CAPTURE_AUTORELEASING = YES;
				CLANG_WARN_BOOL_CONVERSION = YES;
				CLANG_WARN_COMMA = YES;
				CLANG_WARN_CONSTANT_CONVERSION = YES;
				CLANG_WARN_DEPRECATED_OBJC_IMPLEMENTATIONS = YES;
				CLANG_WARN_DIRECT_OBJC_ISA_USAGE = YES_ERROR;
				CLANG_WARN_DOCUMENTATION_COMMENTS = YES;
				CLANG_WARN_EMPTY_BODY = YES;
				CLANG_WARN_ENUM_CONVERSION = YES;
				CLANG_WARN_INFINITE_RECURSION = YES;
				CLANG_WARN_INT_CONVERSION = YES;
				CLANG_WARN_NON_LITERAL_NULL_CONVERSION = YES;
				CLANG_WARN_OBJC_IMPLICIT_RETAIN_SELF = YES;
				CLANG_WARN_OBJC_LITERAL_CONVERSION = YES;
				CLANG_WARN_OBJC_ROOT_CLASS = YES_ERROR;
				CLANG_WARN_QUOTED_INCLUDE_IN_FRAMEWORK_HEADER = YES;
				CLANG_WARN_RANGE_LOOP_ANALYSIS = YES;
				CLANG_WARN_STRICT_PROTOTYPES = YES;
				CLANG_WARN_SUSPICIOUS_MOVE = YES;
				CLANG_WARN_UNGUARDED_AVAILABILITY = YES_AGGRESSIVE;
				CLANG_WARN_UNREACHABLE_CODE = YES;
				CLANG_WARN__DUPLICATE_METHOD_MATCH = YES;
				COPY_PHASE_STRIP = NO;
				DEBUG_INFORMATION_FORMAT = "dwarf-with-dsym";
				ENABLE_NS_ASSERTIONS = NO;
				ENABLE_STRICT_OBJC_MSGSEND = YES;
				GCC_C_LANGUAGE_STANDARD = gnu11;
				GCC_NO_COMMON_BLOCKS = YES;
				GCC_WARN_64_TO_32_BIT_CONVERSION = YES;
				GCC_WARN_ABOUT_RETURN_TYPE = YES_ERROR;
				GCC_WARN_UNDECLARED_SELECTOR = YES;
				GCC_WARN_UNINITIALIZED_AUTOS = YES_AGGRESSIVE;
				GCC_WARN_UNUSED_FUNCTION = YES;
				GCC_WARN_UNUSED_VARIABLE = YES;
				IPHONEOS_DEPLOYMENT_TARGET = 15.5;
				MTL_ENABLE_DEBUG_INFO = NO;
				MTL_FAST_MATH = YES;
				SDKROOT = iphoneos;
				SWIFT_COMPILATION_MODE = wholemodule;
				SWIFT_OPTIMIZATION_LEVEL = "-O";
				VALIDATE_PRODUCT = YES;
			};
			name = Release;
		};
		8533326E288A78ED00F36E2F /* Debug */ = {
			isa = XCBuildConfiguration;
			buildSettings = {
				ASSETCATALOG_COMPILER_APPICON_NAME = AppIcon;
				ASSETCATALOG_COMPILER_GLOBAL_ACCENT_COLOR_NAME = AccentColor;
				CODE_SIGN_STYLE = Automatic;
				CURRENT_PROJECT_VERSION = 1;
				DEVELOPMENT_TEAM = 3K4KWAG7KD;
				GENERATE_INFOPLIST_FILE = YES;
				INFOPLIST_FILE = TamagochiApp/Info.plist;
				INFOPLIST_KEY_UIApplicationSupportsIndirectInputEvents = YES;
				INFOPLIST_KEY_UILaunchStoryboardName = LaunchScreen;
				INFOPLIST_KEY_UIMainStoryboardFile = Select;
				INFOPLIST_KEY_UISupportedInterfaceOrientations = UIInterfaceOrientationPortrait;
				INFOPLIST_KEY_UISupportedInterfaceOrientations_iPad = "UIInterfaceOrientationPortrait UIInterfaceOrientationPortraitUpsideDown UIInterfaceOrientationLandscapeLeft UIInterfaceOrientationLandscapeRight";
				INFOPLIST_KEY_UISupportedInterfaceOrientations_iPhone = "UIInterfaceOrientationPortrait UIInterfaceOrientationLandscapeLeft UIInterfaceOrientationLandscapeRight";
				IPHONEOS_DEPLOYMENT_TARGET = 15.0;
				LD_RUNPATH_SEARCH_PATHS = (
					"$(inherited)",
					"@executable_path/Frameworks",
				);
				MARKETING_VERSION = 1.0;
				PRODUCT_BUNDLE_IDENTIFIER = com.hano.trandmedia.TamagochiApp;
				PRODUCT_NAME = "$(TARGET_NAME)";
				SWIFT_EMIT_LOC_STRINGS = YES;
				SWIFT_VERSION = 5.0;
				TARGETED_DEVICE_FAMILY = 1;
			};
			name = Debug;
		};
		8533326F288A78ED00F36E2F /* Release */ = {
			isa = XCBuildConfiguration;
			buildSettings = {
				ASSETCATALOG_COMPILER_APPICON_NAME = AppIcon;
				ASSETCATALOG_COMPILER_GLOBAL_ACCENT_COLOR_NAME = AccentColor;
				CODE_SIGN_STYLE = Automatic;
				CURRENT_PROJECT_VERSION = 1;
				DEVELOPMENT_TEAM = 3K4KWAG7KD;
				GENERATE_INFOPLIST_FILE = YES;
				INFOPLIST_FILE = TamagochiApp/Info.plist;
				INFOPLIST_KEY_UIApplicationSupportsIndirectInputEvents = YES;
				INFOPLIST_KEY_UILaunchStoryboardName = LaunchScreen;
				INFOPLIST_KEY_UIMainStoryboardFile = Select;
				INFOPLIST_KEY_UISupportedInterfaceOrientations = UIInterfaceOrientationPortrait;
				INFOPLIST_KEY_UISupportedInterfaceOrientations_iPad = "UIInterfaceOrientationPortrait UIInterfaceOrientationPortraitUpsideDown UIInterfaceOrientationLandscapeLeft UIInterfaceOrientationLandscapeRight";
				INFOPLIST_KEY_UISupportedInterfaceOrientations_iPhone = "UIInterfaceOrientationPortrait UIInterfaceOrientationLandscapeLeft UIInterfaceOrientationLandscapeRight";
				IPHONEOS_DEPLOYMENT_TARGET = 15.0;
				LD_RUNPATH_SEARCH_PATHS = (
					"$(inherited)",
					"@executable_path/Frameworks",
				);
				MARKETING_VERSION = 1.0;
				PRODUCT_BUNDLE_IDENTIFIER = com.hano.trandmedia.TamagochiApp;
				PRODUCT_NAME = "$(TARGET_NAME)";
				SWIFT_EMIT_LOC_STRINGS = YES;
				SWIFT_VERSION = 5.0;
				TARGETED_DEVICE_FAMILY = 1;
			};
			name = Release;
		};
/* End XCBuildConfiguration section */

/* Begin XCConfigurationList section */
		85333254288A78EC00F36E2F /* Build configuration list for PBXProject "TamagochiApp" */ = {
			isa = XCConfigurationList;
			buildConfigurations = (
				8533326B288A78ED00F36E2F /* Debug */,
				8533326C288A78ED00F36E2F /* Release */,
			);
			defaultConfigurationIsVisible = 0;
			defaultConfigurationName = Release;
		};
		8533326D288A78ED00F36E2F /* Build configuration list for PBXNativeTarget "TamagochiApp" */ = {
			isa = XCConfigurationList;
			buildConfigurations = (
				8533326E288A78ED00F36E2F /* Debug */,
				8533326F288A78ED00F36E2F /* Release */,
			);
			defaultConfigurationIsVisible = 0;
			defaultConfigurationName = Release;
		};
/* End XCConfigurationList section */

/* Begin XCRemoteSwiftPackageReference section */
		853B89DC288D2AB500E0DB9C /* XCRemoteSwiftPackageReference "IQKeyboardManager" */ = {
			isa = XCRemoteSwiftPackageReference;
			repositoryURL = "https://github.com/hackiftekhar/IQKeyboardManager.git";
			requirement = {
				kind = exactVersion;
				version = 6.5.0;
			};
		};
		853B89DF288D2AD800E0DB9C /* XCRemoteSwiftPackageReference "TextFieldEffects" */ = {
			isa = XCRemoteSwiftPackageReference;
			repositoryURL = "https://github.com/raulriera/TextFieldEffects";
			requirement = {
				kind = exactVersion;
				version = 1.0.0;
			};
		};
/* End XCRemoteSwiftPackageReference section */

/* Begin XCSwiftPackageProductDependency section */
		853B89DD288D2AB500E0DB9C /* IQKeyboardManagerSwift */ = {
			isa = XCSwiftPackageProductDependency;
			package = 853B89DC288D2AB500E0DB9C /* XCRemoteSwiftPackageReference "IQKeyboardManager" */;
			productName = IQKeyboardManagerSwift;
		};
/* End XCSwiftPackageProductDependency section */
	};
	rootObject = 85333251288A78EC00F36E2F /* Project object */;
}
